
Microsoft Visual Studio Solution File, Format Version 12.00
# Visual Studio Version 17
VisualStudioVersion = 17.5.33627.172
MinimumVisualStudioVersion = 10.0.40219.1
Project("{9A19103F-16F7-4668-BE54-9A1E7A4F7556}") = "visual", "visual\visual.csproj", "{7B139FC2-3DBB-4334-ACC8-F749B812EA7C}"
EndProject
Project("{9A19103F-16F7-4668-BE54-9A1E7A4F7556}") = "ModuloSeguridad", "modelo\ModuloSeguridad.csproj", "{2BE10096-1DE8-456E-AB21-4A921066E47B}"
EndProject
Project("{9A19103F-16F7-4668-BE54-9A1E7A4F7556}") = "controlador", "controlador\controlador.csproj", "{A0DCBE4A-A953-4B97-9F55-D571A40B8E5C}"
EndProject
Project("{2150E333-8FDC-42A3-9474-1A3956D46DE8}") = "MODULO_SEGURIDAD", "MODULO_SEGURIDAD", "{85B4F768-7D4E-4980-B5FA-26A60127D957}"
EndProject
Project("{2150E333-8FDC-42A3-9474-1A3956D46DE8}") = "PROYECTO_SINCOMPU", "PROYECTO_SINCOMPU", "{2748BF79-B0F4-4DF0-86A5-C89F35D5C49F}"
EndProject
Project("{2150E333-8FDC-42A3-9474-1A3956D46DE8}") = "MODULO_REGISTRO", "MODULO_REGISTRO", "{411B52B9-EC42-4D6E-A82B-7254C79A34EC}"
EndProject
Project("{9A19103F-16F7-4668-BE54-9A1E7A4F7556}") = "ModuloRegistro", "modeloRegistro\ModuloRegistro.csproj", "{E7382E10-FDBE-4F0E-B420-A095F1F8F590}"
EndProject
Project("{2150E333-8FDC-42A3-9474-1A3956D46DE8}") = "MODULO_CALCULOS", "MODULO_CALCULOS", "{60FAC5BB-BCBB-4034-8D3F-84EBCE089BBA}"
EndProject
Project("{9A19103F-16F7-4668-BE54-9A1E7A4F7556}") = "ModuloCalculos", "ModuloCalculos\ModuloCalculos.csproj", "{7F6FB37C-19CB-4408-86E4-C2063F28A688}"
EndProject
Project("{2150E333-8FDC-42A3-9474-1A3956D46DE8}") = "MODULO_FACTURACION", "MODULO_FACTURACION", "{1A302A94-A425-48D8-9288-31D9C3C645AE}"
EndProject
Project("{9A19103F-16F7-4668-BE54-9A1E7A4F7556}") = "ModuloFacturacion", "ModuloFacturacion\ModuloFacturacion.csproj", "{707AB782-DD67-453A-A9CE-5591589C5629}"
EndProject
Project("{2150E333-8FDC-42A3-9474-1A3956D46DE8}") = "PRUEBAS_UNITARIAS", "PRUEBAS_UNITARIAS", "{F64FC3E4-0AF3-486E-AACF-B9F127DF8E90}"
EndProject
Project("{2150E333-8FDC-42A3-9474-1A3956D46DE8}") = "CONECCION_BD", "CONECCION_BD", "{1C84E96E-AA09-45B4-8751-A176025E3921}"
EndProject
Project("{9A19103F-16F7-4668-BE54-9A1E7A4F7556}") = "DataBase_Manage", "DataBase_Manage\DataBase_Manage.csproj", "{1C241B96-D068-472D-AC7D-CA01543D1B81}"
EndProject
Project("{FAE04EC0-301F-11D3-BF4B-00C04F79EFBC}") = "ModuloSeguridadTest", "ModuloSeguridadTest\ModuloSeguridadTest.csproj", "{D04EDC97-4E3E-4B88-A3D8-40E96939508A}"
EndProject
Global
	GlobalSection(SolutionConfigurationPlatforms) = preSolution
		Debug|Any CPU = Debug|Any CPU
		Release|Any CPU = Release|Any CPU
	EndGlobalSection
	GlobalSection(ProjectConfigurationPlatforms) = postSolution
		{7B139FC2-3DBB-4334-ACC8-F749B812EA7C}.Debug|Any CPU.ActiveCfg = Debug|Any CPU
		{7B139FC2-3DBB-4334-ACC8-F749B812EA7C}.Debug|Any CPU.Build.0 = Debug|Any CPU
		{7B139FC2-3DBB-4334-ACC8-F749B812EA7C}.Release|Any CPU.ActiveCfg = Release|Any CPU
		{7B139FC2-3DBB-4334-ACC8-F749B812EA7C}.Release|Any CPU.Build.0 = Release|Any CPU
		{2BE10096-1DE8-456E-AB21-4A921066E47B}.Debug|Any CPU.ActiveCfg = Debug|Any CPU
		{2BE10096-1DE8-456E-AB21-4A921066E47B}.Debug|Any CPU.Build.0 = Debug|Any CPU
		{2BE10096-1DE8-456E-AB21-4A921066E47B}.Release|Any CPU.ActiveCfg = Release|Any CPU
		{2BE10096-1DE8-456E-AB21-4A921066E47B}.Release|Any CPU.Build.0 = Release|Any CPU
		{A0DCBE4A-A953-4B97-9F55-D571A40B8E5C}.Debug|Any CPU.ActiveCfg = Debug|Any CPU
		{A0DCBE4A-A953-4B97-9F55-D571A40B8E5C}.Debug|Any CPU.Build.0 = Debug|Any CPU
		{A0DCBE4A-A953-4B97-9F55-D571A40B8E5C}.Release|Any CPU.ActiveCfg = Release|Any CPU
		{A0DCBE4A-A953-4B97-9F55-D571A40B8E5C}.Release|Any CPU.Build.0 = Release|Any CPU
		{E7382E10-FDBE-4F0E-B420-A095F1F8F590}.Debug|Any CPU.ActiveCfg = Debug|Any CPU
		{E7382E10-FDBE-4F0E-B420-A095F1F8F590}.Debug|Any CPU.Build.0 = Debug|Any CPU
		{E7382E10-FDBE-4F0E-B420-A095F1F8F590}.Release|Any CPU.ActiveCfg = Release|Any CPU
		{E7382E10-FDBE-4F0E-B420-A095F1F8F590}.Release|Any CPU.Build.0 = Release|Any CPU
		{7F6FB37C-19CB-4408-86E4-C2063F28A688}.Debug|Any CPU.ActiveCfg = Debug|Any CPU
		{7F6FB37C-19CB-4408-86E4-C2063F28A688}.Debug|Any CPU.Build.0 = Debug|Any CPU
		{7F6FB37C-19CB-4408-86E4-C2063F28A688}.Release|Any CPU.ActiveCfg = Release|Any CPU
		{7F6FB37C-19CB-4408-86E4-C2063F28A688}.Release|Any CPU.Build.0 = Release|Any CPU
		{707AB782-DD67-453A-A9CE-5591589C5629}.Debug|Any CPU.ActiveCfg = Debug|Any CPU
		{707AB782-DD67-453A-A9CE-5591589C5629}.Debug|Any CPU.Build.0 = Debug|Any CPU
		{707AB782-DD67-453A-A9CE-5591589C5629}.Release|Any CPU.ActiveCfg = Release|Any CPU
		{707AB782-DD67-453A-A9CE-5591589C5629}.Release|Any CPU.Build.0 = Release|Any CPU
		{1C241B96-D068-472D-AC7D-CA01543D1B81}.Debug|Any CPU.ActiveCfg = Debug|Any CPU
		{1C241B96-D068-472D-AC7D-CA01543D1B81}.Debug|Any CPU.Build.0 = Debug|Any CPU
		{1C241B96-D068-472D-AC7D-CA01543D1B81}.Release|Any CPU.ActiveCfg = Release|Any CPU
		{1C241B96-D068-472D-AC7D-CA01543D1B81}.Release|Any CPU.Build.0 = Release|Any CPU
		{D04EDC97-4E3E-4B88-A3D8-40E96939508A}.Debug|Any CPU.ActiveCfg = Debug|Any CPU
		{D04EDC97-4E3E-4B88-A3D8-40E96939508A}.Debug|Any CPU.Build.0 = Debug|Any CPU
		{D04EDC97-4E3E-4B88-A3D8-40E96939508A}.Release|Any CPU.ActiveCfg = Release|Any CPU
		{D04EDC97-4E3E-4B88-A3D8-40E96939508A}.Release|Any CPU.Build.0 = Release|Any CPU
	EndGlobalSection
	GlobalSection(SolutionProperties) = preSolution
		HideSolutionNode = FALSE
	EndGlobalSection
	GlobalSection(NestedProjects) = preSolution
		{7B139FC2-3DBB-4334-ACC8-F749B812EA7C} = {2748BF79-B0F4-4DF0-86A5-C89F35D5C49F}
		{2BE10096-1DE8-456E-AB21-4A921066E47B} = {85B4F768-7D4E-4980-B5FA-26A60127D957}
		{E7382E10-FDBE-4F0E-B420-A095F1F8F590} = {411B52B9-EC42-4D6E-A82B-7254C79A34EC}
		{7F6FB37C-19CB-4408-86E4-C2063F28A688} = {60FAC5BB-BCBB-4034-8D3F-84EBCE089BBA}
		{707AB782-DD67-453A-A9CE-5591589C5629} = {1A302A94-A425-48D8-9288-31D9C3C645AE}
		{1C241B96-D068-472D-AC7D-CA01543D1B81} = {1C84E96E-AA09-45B4-8751-A176025E3921}
		{D04EDC97-4E3E-4B88-A3D8-40E96939508A} = {F64FC3E4-0AF3-486E-AACF-B9F127DF8E90}
	EndGlobalSection
	GlobalSection(ExtensibilityGlobals) = postSolution
		SolutionGuid = {4C0428B4-929E-4F72-81BD-515EB7D95217}
	EndGlobalSection
EndGlobal
